
Microsoft Visual Studio Solution File, Format Version 12.00
# Visual Studio 15
VisualStudioVersion = 15.0.26124.0
MinimumVisualStudioVersion = 15.0.26124.0
Project("{FAE04EC0-301F-11D3-BF4B-00C04F79EFBC}") = "QuickBuy.Domain", "QuickBuy.Domain\QuickBuy.Domain.csproj", "{AB5CD90B-087E-46B5-B22E-1A9A2B523911}"
EndProject
Project("{FAE04EC0-301F-11D3-BF4B-00C04F79EFBC}") = "QuickBuy.Repository", "QuickBuy.Repository\QuickBuy.Repository.csproj", "{3699FAFD-78B2-42A3-A271-81C388D68337}"
EndProject
Project("{FAE04EC0-301F-11D3-BF4B-00C04F79EFBC}") = "QuickBuy.Web", "QuickBuy.Web\QuickBuy.Web.csproj", "{821C4893-E37D-4CEA-AF38-B3CA90B0A10C}"
EndProject
Global
	GlobalSection(SolutionConfigurationPlatforms) = preSolution
		Debug|Any CPU = Debug|Any CPU
		Debug|x64 = Debug|x64
		Debug|x86 = Debug|x86
		Release|Any CPU = Release|Any CPU
		Release|x64 = Release|x64
		Release|x86 = Release|x86
	EndGlobalSection
	GlobalSection(SolutionProperties) = preSolution
		HideSolutionNode = FALSE
	EndGlobalSection
	GlobalSection(ProjectConfigurationPlatforms) = postSolution
		{AB5CD90B-087E-46B5-B22E-1A9A2B523911}.Debug|Any CPU.ActiveCfg = Debug|Any CPU
		{AB5CD90B-087E-46B5-B22E-1A9A2B523911}.Debug|Any CPU.Build.0 = Debug|Any CPU
		{AB5CD90B-087E-46B5-B22E-1A9A2B523911}.Debug|x64.ActiveCfg = Debug|Any CPU
		{AB5CD90B-087E-46B5-B22E-1A9A2B523911}.Debug|x64.Build.0 = Debug|Any CPU
		{AB5CD90B-087E-46B5-B22E-1A9A2B523911}.Debug|x86.ActiveCfg = Debug|Any CPU
		{AB5CD90B-087E-46B5-B22E-1A9A2B523911}.Debug|x86.Build.0 = Debug|Any CPU
		{AB5CD90B-087E-46B5-B22E-1A9A2B523911}.Release|Any CPU.ActiveCfg = Release|Any CPU
		{AB5CD90B-087E-46B5-B22E-1A9A2B523911}.Release|Any CPU.Build.0 = Release|Any CPU
		{AB5CD90B-087E-46B5-B22E-1A9A2B523911}.Release|x64.ActiveCfg = Release|Any CPU
		{AB5CD90B-087E-46B5-B22E-1A9A2B523911}.Release|x64.Build.0 = Release|Any CPU
		{AB5CD90B-087E-46B5-B22E-1A9A2B523911}.Release|x86.ActiveCfg = Release|Any CPU
		{AB5CD90B-087E-46B5-B22E-1A9A2B523911}.Release|x86.Build.0 = Release|Any CPU
		{3699FAFD-78B2-42A3-A271-81C388D68337}.Debug|Any CPU.ActiveCfg = Debug|Any CPU
		{3699FAFD-78B2-42A3-A271-81C388D68337}.Debug|Any CPU.Build.0 = Debug|Any CPU
		{3699FAFD-78B2-42A3-A271-81C388D68337}.Debug|x64.ActiveCfg = Debug|Any CPU
		{3699FAFD-78B2-42A3-A271-81C388D68337}.Debug|x64.Build.0 = Debug|Any CPU
		{3699FAFD-78B2-42A3-A271-81C388D68337}.Debug|x86.ActiveCfg = Debug|Any CPU
		{3699FAFD-78B2-42A3-A271-81C388D68337}.Debug|x86.Build.0 = Debug|Any CPU
		{3699FAFD-78B2-42A3-A271-81C388D68337}.Release|Any CPU.ActiveCfg = Release|Any CPU
		{3699FAFD-78B2-42A3-A271-81C388D68337}.Release|Any CPU.Build.0 = Release|Any CPU
		{3699FAFD-78B2-42A3-A271-81C388D68337}.Release|x64.ActiveCfg = Release|Any CPU
		{3699FAFD-78B2-42A3-A271-81C388D68337}.Release|x64.Build.0 = Release|Any CPU
		{3699FAFD-78B2-42A3-A271-81C388D68337}.Release|x86.ActiveCfg = Release|Any CPU
		{3699FAFD-78B2-42A3-A271-81C388D68337}.Release|x86.Build.0 = Release|Any CPU
		{821C4893-E37D-4CEA-AF38-B3CA90B0A10C}.Debug|Any CPU.ActiveCfg = Debug|Any CPU
		{821C4893-E37D-4CEA-AF38-B3CA90B0A10C}.Debug|Any CPU.Build.0 = Debug|Any CPU
		{821C4893-E37D-4CEA-AF38-B3CA90B0A10C}.Debug|x64.ActiveCfg = Debug|Any CPU
		{821C4893-E37D-4CEA-AF38-B3CA90B0A10C}.Debug|x64.Build.0 = Debug|Any CPU
		{821C4893-E37D-4CEA-AF38-B3CA90B0A10C}.Debug|x86.ActiveCfg = Debug|Any CPU
		{821C4893-E37D-4CEA-AF38-B3CA90B0A10C}.Debug|x86.Build.0 = Debug|Any CPU
		{821C4893-E37D-4CEA-AF38-B3CA90B0A10C}.Release|Any CPU.ActiveCfg = Release|Any CPU
		{821C4893-E37D-4CEA-AF38-B3CA90B0A10C}.Release|Any CPU.Build.0 = Release|Any CPU
		{821C4893-E37D-4CEA-AF38-B3CA90B0A10C}.Release|x64.ActiveCfg = Release|Any CPU
		{821C4893-E37D-4CEA-AF38-B3CA90B0A10C}.Release|x64.Build.0 = Release|Any CPU
		{821C4893-E37D-4CEA-AF38-B3CA90B0A10C}.Release|x86.ActiveCfg = Release|Any CPU
		{821C4893-E37D-4CEA-AF38-B3CA90B0A10C}.Release|x86.Build.0 = Release|Any CPU
	EndGlobalSection
EndGlobal
